Microsoft Visual Studio Solution File, Format Version 12.00
# Visual Studio Version 17
VisualStudioVersion = 17.5.2.0
MinimumVisualStudioVersion = 10.0.40219.1
Project("{FAE04EC0-301F-11D3-BF4B-00C04F79EFBC}") = "CPR", "CPR.csproj", "{0598F7CC-AED2-A4A1-33B9-7993CDF203B8}"
EndProject
Global
	GlobalSection(SolutionConfigurationPlatforms) = preSolution
		Debug|Any CPU = Debug|Any CPU
		Release|Any CPU = Release|Any CPU
	EndGlobalSection
	GlobalSection(ProjectConfigurationPlatforms) = postSolution
		{0598F7CC-AED2-A4A1-33B9-7993CDF203B8}.Debug|Any CPU.ActiveCfg = Debug|Any CPU
		{0598F7CC-AED2-A4A1-33B9-7993CDF203B8}.Debug|Any CPU.Build.0 = Debug|Any CPU
		{0598F7CC-AED2-A4A1-33B9-7993CDF203B8}.Release|Any CPU.ActiveCfg = Release|Any CPU
		{0598F7CC-AED2-A4A1-33B9-7993CDF203B8}.Release|Any CPU.Build.0 = Release|Any CPU
	EndGlobalSection
	GlobalSection(SolutionProperties) = preSolution
		HideSolutionNode = FALSE
	EndGlobalSection
	GlobalSection(ExtensibilityGlobals) = postSolution
		SolutionGuid = {1DA5E65A-8D51-48C5-BD09-C7269B45D4D0}
	EndGlobalSection
EndGlobal
