Microsoft Visual Studio Solution File, Format Version 12.00
# Visual Studio Version 17
VisualStudioVersion = 17.5.2.0
MinimumVisualStudioVersion = 10.0.40219.1
Project("{FAE04EC0-301F-11D3-BF4B-00C04F79EFBC}") = "Nondestructive", "Nondestructive.csproj", "{9CBB7053-973D-219F-8522-2FBE3174A204}"
EndProject
Global
	GlobalSection(SolutionConfigurationPlatforms) = preSolution
		Debug|Any CPU = Debug|Any CPU
		Release|Any CPU = Release|Any CPU
	EndGlobalSection
	GlobalSection(ProjectConfigurationPlatforms) = postSolution
		{9CBB7053-973D-219F-8522-2FBE3174A204}.Debug|Any CPU.ActiveCfg = Debug|Any CPU
		{9CBB7053-973D-219F-8522-2FBE3174A204}.Debug|Any CPU.Build.0 = Debug|Any CPU
		{9CBB7053-973D-219F-8522-2FBE3174A204}.Release|Any CPU.ActiveCfg = Release|Any CPU
		{9CBB7053-973D-219F-8522-2FBE3174A204}.Release|Any CPU.Build.0 = Release|Any CPU
	EndGlobalSection
	GlobalSection(SolutionProperties) = preSolution
		HideSolutionNode = FALSE
	EndGlobalSection
	GlobalSection(ExtensibilityGlobals) = postSolution
		SolutionGuid = {0407E353-AA13-4ADB-AC00-33211161D9A6}
	EndGlobalSection
EndGlobal
